
Microsoft Visual Studio Solution File, Format Version 12.00
# Visual Studio Version 17
VisualStudioVersion = 17.4.32916.344
MinimumVisualStudioVersion = 10.0.40219.1
Project("{9A19103F-16F7-4668-BE54-9A1E7A4F7556}") = "Weather.API", "Weather.API\Weather.API.csproj", "{F87A6E06-2DB3-40BB-8831-6C12E828DA11}"
EndProject
Project("{9A19103F-16F7-4668-BE54-9A1E7A4F7556}") = "Weather.Core", "Weather.Core\Weather.Core.csproj", "{D1C1E4E1-F77D-4D27-BB2D-B4609F917CAF}"
EndProject
Project("{9A19103F-16F7-4668-BE54-9A1E7A4F7556}") = "Weather.Domain", "Weather.Domain\Weather.Domain.csproj", "{E0DE3B29-9CC2-4A5C-B0A4-A2485D03CB36}"
EndProject
Project("{9A19103F-16F7-4668-BE54-9A1E7A4F7556}") = "Weather.Infrastructure", "Weather.Infrastructure\Weather.Infrastructure.csproj", "{AED0FC1F-8E88-4B61-AB81-CF2F934549DB}"
EndProject
Project("{9A19103F-16F7-4668-BE54-9A1E7A4F7556}") = "Wheaterbit.Client", "Wheaterbit.Client\Wheaterbit.Client.csproj", "{D4AA1812-0615-483D-B1C5-5DFFB2800D5D}"
EndProject
Project("{2150E333-8FDC-42A3-9474-1A3956D46DE8}") = "ExternalClients", "ExternalClients", "{A7E5DDBF-9DF9-4220-9BEA-9FC36FFC659C}"
EndProject
Project("{2150E333-8FDC-42A3-9474-1A3956D46DE8}") = "Tests", "Tests", "{F3BB2E4D-53BC-4EB0-9A73-300134879E26}"
EndProject
Project("{9A19103F-16F7-4668-BE54-9A1E7A4F7556}") = "Weather.API.UnitTests", "Tests\UnitTests\Weather.API.UnitTests\Weather.API.UnitTests.csproj", "{AB3F6519-5124-40C5-99E5-7043855AD62F}"
EndProject
Project("{9A19103F-16F7-4668-BE54-9A1E7A4F7556}") = "Weather.Core.UnitTests", "Tests\UnitTests\Weather.Core.UnitTests\Weather.Core.UnitTests.csproj", "{C457E260-1E22-4ED0-B32A-2C6C7CA0D659}"
EndProject
Project("{9A19103F-16F7-4668-BE54-9A1E7A4F7556}") = "Weather.Domain.UnitTests", "Tests\UnitTests\Weather.Domain.UnitTests\Weather.Domain.UnitTests.csproj", "{20107565-B8E0-484D-BA65-D933E23B784C}"
EndProject
Project("{9A19103F-16F7-4668-BE54-9A1E7A4F7556}") = "Weather.Infrastructure.UnitTests", "Tests\UnitTests\Weather.Infrastructure.UnitTests\Weather.Infrastructure.UnitTests.csproj", "{4C21DB4C-18DC-490D-8CFA-7EBB7D8999F8}"
EndProject
Project("{2150E333-8FDC-42A3-9474-1A3956D46DE8}") = "UnitTests", "UnitTests", "{DBB0632C-F7EA-4593-927B-49DB2371CDE5}"
EndProject
Project("{2150E333-8FDC-42A3-9474-1A3956D46DE8}") = "SystemTests", "SystemTests", "{457E4CA0-5F3C-4653-A131-2E5046A98C85}"
EndProject
Project("{9A19103F-16F7-4668-BE54-9A1E7A4F7556}") = "Weather.API.SystemTests", "Tests\SystemTests\Weather.API.SystemTests\Weather.API.SystemTests.csproj", "{48E1C36D-3609-441B-9753-6D9F130EE1B6}"
EndProject
Project("{2150E333-8FDC-42A3-9474-1A3956D46DE8}") = "IntegrationTests", "IntegrationTests", "{F1939A12-97F2-4846-95BB-D187C90A24E7}"
EndProject
Project("{9A19103F-16F7-4668-BE54-9A1E7A4F7556}") = "Weather.Infrastructure.IntegrationTests", "Tests\IntegrationTests\Weather.Infrastructure.IntegrationTests\Weather.Infrastructure.IntegrationTests.csproj", "{AC3B0CA2-967D-465A-A6E1-B052B5FB25DB}"
EndProject
Project("{9A19103F-16F7-4668-BE54-9A1E7A4F7556}") = "Weather.UnitTests.Common", "Tests\UnitTests\Weather.UnitTests.Common\Weather.UnitTests.Common.csproj", "{A42AAA9B-DD74-48D3-A23C-9C3D69009C1C}"
EndProject
Project("{2150E333-8FDC-42A3-9474-1A3956D46DE8}") = "ExternalClients", "ExternalClients", "{20EF0756-7FA6-4708-8349-D1E1FF49229A}"
EndProject
Project("{9A19103F-16F7-4668-BE54-9A1E7A4F7556}") = "Wheaterbit.Client.UnitTests", "Tests\UnitTests\Wheaterbit.Client.UnitTests\Wheaterbit.Client.UnitTests.csproj", "{501B5489-717D-49E3-940B-99DDA39F278F}"
EndProject
Project("{2150E333-8FDC-42A3-9474-1A3956D46DE8}") = "HttpDebug", "HttpDebug", "{799572B7-2EF0-498A-ABD0-7AAA963286F5}"
	ProjectSection(SolutionItems) = preProject
		Tests\HttpDebug\debug-tests.http = Tests\HttpDebug\debug-tests.http
	EndProjectSection
EndProject
Global
	GlobalSection(SolutionConfigurationPlatforms) = preSolution
		Debug|Any CPU = Debug|Any CPU
		Release|Any CPU = Release|Any CPU
	EndGlobalSection
	GlobalSection(ProjectConfigurationPlatforms) = postSolution
		{F87A6E06-2DB3-40BB-8831-6C12E828DA11}.Debug|Any CPU.ActiveCfg = Debug|Any CPU
		{F87A6E06-2DB3-40BB-8831-6C12E828DA11}.Debug|Any CPU.Build.0 = Debug|Any CPU
		{F87A6E06-2DB3-40BB-8831-6C12E828DA11}.Release|Any CPU.ActiveCfg = Release|Any CPU
		{F87A6E06-2DB3-40BB-8831-6C12E828DA11}.Release|Any CPU.Build.0 = Release|Any CPU
		{D1C1E4E1-F77D-4D27-BB2D-B4609F917CAF}.Debug|Any CPU.ActiveCfg = Debug|Any CPU
		{D1C1E4E1-F77D-4D27-BB2D-B4609F917CAF}.Debug|Any CPU.Build.0 = Debug|Any CPU
		{D1C1E4E1-F77D-4D27-BB2D-B4609F917CAF}.Release|Any CPU.ActiveCfg = Release|Any CPU
		{D1C1E4E1-F77D-4D27-BB2D-B4609F917CAF}.Release|Any CPU.Build.0 = Release|Any CPU
		{E0DE3B29-9CC2-4A5C-B0A4-A2485D03CB36}.Debug|Any CPU.ActiveCfg = Debug|Any CPU
		{E0DE3B29-9CC2-4A5C-B0A4-A2485D03CB36}.Debug|Any CPU.Build.0 = Debug|Any CPU
		{E0DE3B29-9CC2-4A5C-B0A4-A2485D03CB36}.Release|Any CPU.ActiveCfg = Release|Any CPU
		{E0DE3B29-9CC2-4A5C-B0A4-A2485D03CB36}.Release|Any CPU.Build.0 = Release|Any CPU
		{AED0FC1F-8E88-4B61-AB81-CF2F934549DB}.Debug|Any CPU.ActiveCfg = Debug|Any CPU
		{AED0FC1F-8E88-4B61-AB81-CF2F934549DB}.Debug|Any CPU.Build.0 = Debug|Any CPU
		{AED0FC1F-8E88-4B61-AB81-CF2F934549DB}.Release|Any CPU.ActiveCfg = Release|Any CPU
		{AED0FC1F-8E88-4B61-AB81-CF2F934549DB}.Release|Any CPU.Build.0 = Release|Any CPU
		{D4AA1812-0615-483D-B1C5-5DFFB2800D5D}.Debug|Any CPU.ActiveCfg = Debug|Any CPU
		{D4AA1812-0615-483D-B1C5-5DFFB2800D5D}.Debug|Any CPU.Build.0 = Debug|Any CPU
		{D4AA1812-0615-483D-B1C5-5DFFB2800D5D}.Release|Any CPU.ActiveCfg = Release|Any CPU
		{D4AA1812-0615-483D-B1C5-5DFFB2800D5D}.Release|Any CPU.Build.0 = Release|Any CPU
		{AB3F6519-5124-40C5-99E5-7043855AD62F}.Debug|Any CPU.ActiveCfg = Debug|Any CPU
		{AB3F6519-5124-40C5-99E5-7043855AD62F}.Debug|Any CPU.Build.0 = Debug|Any CPU
		{AB3F6519-5124-40C5-99E5-7043855AD62F}.Release|Any CPU.ActiveCfg = Release|Any CPU
		{AB3F6519-5124-40C5-99E5-7043855AD62F}.Release|Any CPU.Build.0 = Release|Any CPU
		{C457E260-1E22-4ED0-B32A-2C6C7CA0D659}.Debug|Any CPU.ActiveCfg = Debug|Any CPU
		{C457E260-1E22-4ED0-B32A-2C6C7CA0D659}.Debug|Any CPU.Build.0 = Debug|Any CPU
		{C457E260-1E22-4ED0-B32A-2C6C7CA0D659}.Release|Any CPU.ActiveCfg = Release|Any CPU
		{C457E260-1E22-4ED0-B32A-2C6C7CA0D659}.Release|Any CPU.Build.0 = Release|Any CPU
		{20107565-B8E0-484D-BA65-D933E23B784C}.Debug|Any CPU.ActiveCfg = Debug|Any CPU
		{20107565-B8E0-484D-BA65-D933E23B784C}.Debug|Any CPU.Build.0 = Debug|Any CPU
		{20107565-B8E0-484D-BA65-D933E23B784C}.Release|Any CPU.ActiveCfg = Release|Any CPU
		{20107565-B8E0-484D-BA65-D933E23B784C}.Release|Any CPU.Build.0 = Release|Any CPU
		{4C21DB4C-18DC-490D-8CFA-7EBB7D8999F8}.Debug|Any CPU.ActiveCfg = Debug|Any CPU
		{4C21DB4C-18DC-490D-8CFA-7EBB7D8999F8}.Debug|Any CPU.Build.0 = Debug|Any CPU
		{4C21DB4C-18DC-490D-8CFA-7EBB7D8999F8}.Release|Any CPU.ActiveCfg = Release|Any CPU
		{4C21DB4C-18DC-490D-8CFA-7EBB7D8999F8}.Release|Any CPU.Build.0 = Release|Any CPU
		{48E1C36D-3609-441B-9753-6D9F130EE1B6}.Debug|Any CPU.ActiveCfg = Debug|Any CPU
		{48E1C36D-3609-441B-9753-6D9F130EE1B6}.Debug|Any CPU.Build.0 = Debug|Any CPU
		{48E1C36D-3609-441B-9753-6D9F130EE1B6}.Release|Any CPU.ActiveCfg = Release|Any CPU
		{48E1C36D-3609-441B-9753-6D9F130EE1B6}.Release|Any CPU.Build.0 = Release|Any CPU
		{AC3B0CA2-967D-465A-A6E1-B052B5FB25DB}.Debug|Any CPU.ActiveCfg = Debug|Any CPU
		{AC3B0CA2-967D-465A-A6E1-B052B5FB25DB}.Debug|Any CPU.Build.0 = Debug|Any CPU
		{AC3B0CA2-967D-465A-A6E1-B052B5FB25DB}.Release|Any CPU.ActiveCfg = Release|Any CPU
		{AC3B0CA2-967D-465A-A6E1-B052B5FB25DB}.Release|Any CPU.Build.0 = Release|Any CPU
		{A42AAA9B-DD74-48D3-A23C-9C3D69009C1C}.Debug|Any CPU.ActiveCfg = Debug|Any CPU
		{A42AAA9B-DD74-48D3-A23C-9C3D69009C1C}.Debug|Any CPU.Build.0 = Debug|Any CPU
		{A42AAA9B-DD74-48D3-A23C-9C3D69009C1C}.Release|Any CPU.ActiveCfg = Release|Any CPU
		{A42AAA9B-DD74-48D3-A23C-9C3D69009C1C}.Release|Any CPU.Build.0 = Release|Any CPU
		{501B5489-717D-49E3-940B-99DDA39F278F}.Debug|Any CPU.ActiveCfg = Debug|Any CPU
		{501B5489-717D-49E3-940B-99DDA39F278F}.Debug|Any CPU.Build.0 = Debug|Any CPU
		{501B5489-717D-49E3-940B-99DDA39F278F}.Release|Any CPU.ActiveCfg = Release|Any CPU
		{501B5489-717D-49E3-940B-99DDA39F278F}.Release|Any CPU.Build.0 = Release|Any CPU
	EndGlobalSection
	GlobalSection(SolutionProperties) = preSolution
		HideSolutionNode = FALSE
	EndGlobalSection
	GlobalSection(NestedProjects) = preSolution
		{D4AA1812-0615-483D-B1C5-5DFFB2800D5D} = {A7E5DDBF-9DF9-4220-9BEA-9FC36FFC659C}
		{AB3F6519-5124-40C5-99E5-7043855AD62F} = {DBB0632C-F7EA-4593-927B-49DB2371CDE5}
		{C457E260-1E22-4ED0-B32A-2C6C7CA0D659} = {DBB0632C-F7EA-4593-927B-49DB2371CDE5}
		{20107565-B8E0-484D-BA65-D933E23B784C} = {DBB0632C-F7EA-4593-927B-49DB2371CDE5}
		{4C21DB4C-18DC-490D-8CFA-7EBB7D8999F8} = {DBB0632C-F7EA-4593-927B-49DB2371CDE5}
		{DBB0632C-F7EA-4593-927B-49DB2371CDE5} = {F3BB2E4D-53BC-4EB0-9A73-300134879E26}
		{457E4CA0-5F3C-4653-A131-2E5046A98C85} = {F3BB2E4D-53BC-4EB0-9A73-300134879E26}
		{48E1C36D-3609-441B-9753-6D9F130EE1B6} = {457E4CA0-5F3C-4653-A131-2E5046A98C85}
		{F1939A12-97F2-4846-95BB-D187C90A24E7} = {F3BB2E4D-53BC-4EB0-9A73-300134879E26}
		{AC3B0CA2-967D-465A-A6E1-B052B5FB25DB} = {F1939A12-97F2-4846-95BB-D187C90A24E7}
		{A42AAA9B-DD74-48D3-A23C-9C3D69009C1C} = {DBB0632C-F7EA-4593-927B-49DB2371CDE5}
		{20EF0756-7FA6-4708-8349-D1E1FF49229A} = {DBB0632C-F7EA-4593-927B-49DB2371CDE5}
		{501B5489-717D-49E3-940B-99DDA39F278F} = {20EF0756-7FA6-4708-8349-D1E1FF49229A}
		{799572B7-2EF0-498A-ABD0-7AAA963286F5} = {F3BB2E4D-53BC-4EB0-9A73-300134879E26}
	EndGlobalSection
	GlobalSection(ExtensibilityGlobals) = postSolution
		SolutionGuid = {75897F3D-1882-40EE-A49D-10503A1CCA69}
	EndGlobalSection
EndGlobal
